
Microsoft Visual Studio Solution File, Format Version 12.00
# Visual Studio Version 17
VisualStudioVersion = 17.13.35919.96
MinimumVisualStudioVersion = 10.0.40219.1
Project("{FAE04EC0-301F-11D3-BF4B-00C04F79EFBC}") = "API", "API\API.csproj", "{ED54A4B7-249E-461A-A6C5-2B8A81F5B028}"
EndProject
Project("{2150E333-8FDC-42A3-9474-1A3956D46DE8}") = "Adapters", "Adapters", "{02EA681E-C7D8-13C7-8484-4AC65E1B71E8}"
EndProject
Project("{2150E333-8FDC-42A3-9474-1A3956D46DE8}") = "Core", "Core", "{0BFF8B1C-2622-40AD-AB87-D5FD3BD93930}"
EndProject
Project("{2150E333-8FDC-42A3-9474-1A3956D46DE8}") = "Drivers", "Drivers", "{4D07EC54-91C3-460F-BDB7-435A2572D1DE}"
EndProject
Project("{2150E333-8FDC-42A3-9474-1A3956D46DE8}") = "Domain", "Domain", "{BC98CD3C-6DDC-4878-84D2-46326ECC8641}"
EndProject
Project("{FAE04EC0-301F-11D3-BF4B-00C04F79EFBC}") = "Domain", "Domain\Domain.csproj", "{A4F3D544-45DC-40BE-83FA-44ADF2EB9EFB}"
EndProject
Project("{2150E333-8FDC-42A3-9474-1A3956D46DE8}") = "Crosscutting", "Crosscutting", "{F0FCF6CB-F8A0-4633-9C2C-AC9B1BCE6B21}"
EndProject
Project("{FAE04EC0-301F-11D3-BF4B-00C04F79EFBC}") = "Common", "Common\Common.csproj", "{00C4CF20-4BCE-4206-A5F2-23BA8C1536F4}"
EndProject
Project("{2150E333-8FDC-42A3-9474-1A3956D46DE8}") = "Application", "Application", "{87CFD016-BF43-4A6C-B757-4D0E0BF0886A}"
EndProject
Project("{FAE04EC0-301F-11D3-BF4B-00C04F79EFBC}") = "Application", "Application\Application.csproj", "{EEA1338D-4302-4F82-AE3A-AAA10ED64D20}"
EndProject
Project("{2150E333-8FDC-42A3-9474-1A3956D46DE8}") = "Driven", "Driven", "{6033EF27-0AC0-4F34-9F02-142CC5B1EC9B}"
EndProject
Project("{FAE04EC0-301F-11D3-BF4B-00C04F79EFBC}") = "Infrastructure", "Infrastructure\Infrastructure.csproj", "{195A4A1C-69D4-4D7C-8FED-CDD58737744E}"
EndProject
Project("{E53339B2-1760-4266-BCC7-CA923CBCF16C}") = "docker-compose", "docker-compose.dcproj", "{81DDED9D-158B-E303-5F62-77A2896D2A5A}"
EndProject
Project("{FAE04EC0-301F-11D3-BF4B-00C04F79EFBC}") = "IoC", "IoC\IoC.csproj", "{C5CDFB3C-3D2A-4345-A0C4-F3E447AB7AC4}"
EndProject
Project("{2150E333-8FDC-42A3-9474-1A3956D46DE8}") = "Tests", "Tests", "{A3B5F989-03DA-4BF9-A584-454BFEF89A29}"
EndProject
Project("{FAE04EC0-301F-11D3-BF4B-00C04F79EFBC}") = "Unit", "Unit\Unit.csproj", "{930D5D5D-CF6B-49D6-8967-74CC3CDA49B9}"
EndProject
Global
	GlobalSection(SolutionConfigurationPlatforms) = preSolution
		Debug|Any CPU = Debug|Any CPU
		Release|Any CPU = Release|Any CPU
	EndGlobalSection
	GlobalSection(ProjectConfigurationPlatforms) = postSolution
		{ED54A4B7-249E-461A-A6C5-2B8A81F5B028}.Debug|Any CPU.ActiveCfg = Debug|Any CPU
		{ED54A4B7-249E-461A-A6C5-2B8A81F5B028}.Debug|Any CPU.Build.0 = Debug|Any CPU
		{ED54A4B7-249E-461A-A6C5-2B8A81F5B028}.Release|Any CPU.ActiveCfg = Release|Any CPU
		{ED54A4B7-249E-461A-A6C5-2B8A81F5B028}.Release|Any CPU.Build.0 = Release|Any CPU
		{A4F3D544-45DC-40BE-83FA-44ADF2EB9EFB}.Debug|Any CPU.ActiveCfg = Debug|Any CPU
		{A4F3D544-45DC-40BE-83FA-44ADF2EB9EFB}.Debug|Any CPU.Build.0 = Debug|Any CPU
		{A4F3D544-45DC-40BE-83FA-44ADF2EB9EFB}.Release|Any CPU.ActiveCfg = Release|Any CPU
		{A4F3D544-45DC-40BE-83FA-44ADF2EB9EFB}.Release|Any CPU.Build.0 = Release|Any CPU
		{00C4CF20-4BCE-4206-A5F2-23BA8C1536F4}.Debug|Any CPU.ActiveCfg = Debug|Any CPU
		{00C4CF20-4BCE-4206-A5F2-23BA8C1536F4}.Debug|Any CPU.Build.0 = Debug|Any CPU
		{00C4CF20-4BCE-4206-A5F2-23BA8C1536F4}.Release|Any CPU.ActiveCfg = Release|Any CPU
		{00C4CF20-4BCE-4206-A5F2-23BA8C1536F4}.Release|Any CPU.Build.0 = Release|Any CPU
		{EEA1338D-4302-4F82-AE3A-AAA10ED64D20}.Debug|Any CPU.ActiveCfg = Debug|Any CPU
		{EEA1338D-4302-4F82-AE3A-AAA10ED64D20}.Debug|Any CPU.Build.0 = Debug|Any CPU
		{EEA1338D-4302-4F82-AE3A-AAA10ED64D20}.Release|Any CPU.ActiveCfg = Release|Any CPU
		{EEA1338D-4302-4F82-AE3A-AAA10ED64D20}.Release|Any CPU.Build.0 = Release|Any CPU
		{195A4A1C-69D4-4D7C-8FED-CDD58737744E}.Debug|Any CPU.ActiveCfg = Debug|Any CPU
		{195A4A1C-69D4-4D7C-8FED-CDD58737744E}.Debug|Any CPU.Build.0 = Debug|Any CPU
		{195A4A1C-69D4-4D7C-8FED-CDD58737744E}.Release|Any CPU.ActiveCfg = Release|Any CPU
		{195A4A1C-69D4-4D7C-8FED-CDD58737744E}.Release|Any CPU.Build.0 = Release|Any CPU
		{81DDED9D-158B-E303-5F62-77A2896D2A5A}.Debug|Any CPU.ActiveCfg = Debug|Any CPU
		{81DDED9D-158B-E303-5F62-77A2896D2A5A}.Debug|Any CPU.Build.0 = Debug|Any CPU
		{81DDED9D-158B-E303-5F62-77A2896D2A5A}.Release|Any CPU.ActiveCfg = Release|Any CPU
		{81DDED9D-158B-E303-5F62-77A2896D2A5A}.Release|Any CPU.Build.0 = Release|Any CPU
		{C5CDFB3C-3D2A-4345-A0C4-F3E447AB7AC4}.Debug|Any CPU.ActiveCfg = Debug|Any CPU
		{C5CDFB3C-3D2A-4345-A0C4-F3E447AB7AC4}.Debug|Any CPU.Build.0 = Debug|Any CPU
		{C5CDFB3C-3D2A-4345-A0C4-F3E447AB7AC4}.Release|Any CPU.ActiveCfg = Release|Any CPU
		{C5CDFB3C-3D2A-4345-A0C4-F3E447AB7AC4}.Release|Any CPU.Build.0 = Release|Any CPU
		{930D5D5D-CF6B-49D6-8967-74CC3CDA49B9}.Debug|Any CPU.ActiveCfg = Debug|Any CPU
		{930D5D5D-CF6B-49D6-8967-74CC3CDA49B9}.Debug|Any CPU.Build.0 = Debug|Any CPU
		{930D5D5D-CF6B-49D6-8967-74CC3CDA49B9}.Release|Any CPU.ActiveCfg = Release|Any CPU
		{930D5D5D-CF6B-49D6-8967-74CC3CDA49B9}.Release|Any CPU.Build.0 = Release|Any CPU
	EndGlobalSection
	GlobalSection(SolutionProperties) = preSolution
		HideSolutionNode = FALSE
	EndGlobalSection
	GlobalSection(NestedProjects) = preSolution
		{ED54A4B7-249E-461A-A6C5-2B8A81F5B028} = {4D07EC54-91C3-460F-BDB7-435A2572D1DE}
		{4D07EC54-91C3-460F-BDB7-435A2572D1DE} = {02EA681E-C7D8-13C7-8484-4AC65E1B71E8}
		{BC98CD3C-6DDC-4878-84D2-46326ECC8641} = {0BFF8B1C-2622-40AD-AB87-D5FD3BD93930}
		{A4F3D544-45DC-40BE-83FA-44ADF2EB9EFB} = {BC98CD3C-6DDC-4878-84D2-46326ECC8641}
		{00C4CF20-4BCE-4206-A5F2-23BA8C1536F4} = {F0FCF6CB-F8A0-4633-9C2C-AC9B1BCE6B21}
		{87CFD016-BF43-4A6C-B757-4D0E0BF0886A} = {0BFF8B1C-2622-40AD-AB87-D5FD3BD93930}
		{EEA1338D-4302-4F82-AE3A-AAA10ED64D20} = {87CFD016-BF43-4A6C-B757-4D0E0BF0886A}
		{6033EF27-0AC0-4F34-9F02-142CC5B1EC9B} = {02EA681E-C7D8-13C7-8484-4AC65E1B71E8}
		{195A4A1C-69D4-4D7C-8FED-CDD58737744E} = {6033EF27-0AC0-4F34-9F02-142CC5B1EC9B}
		{C5CDFB3C-3D2A-4345-A0C4-F3E447AB7AC4} = {F0FCF6CB-F8A0-4633-9C2C-AC9B1BCE6B21}
		{930D5D5D-CF6B-49D6-8967-74CC3CDA49B9} = {A3B5F989-03DA-4BF9-A584-454BFEF89A29}
	EndGlobalSection
	GlobalSection(ExtensibilityGlobals) = postSolution
		SolutionGuid = {44DF9A70-FE06-443C-9462-4386CA39FE01}
	EndGlobalSection
EndGlobal
